
Microsoft Visual Studio Solution File, Format Version 12.00
# Visual Studio 15
Project("{FAE04EC0-301F-11D3-BF4B-00C04F79EFBC}") = "PhotonUnityNetworking.Demos", "PhotonUnityNetworking.Demos.csproj", "{923E44B0-BA27-670F-E923-20B3322C3A41}"
EndProject
Project("{FAE04EC0-301F-11D3-BF4B-00C04F79EFBC}") = "PhotonUnityNetworking.Utilities", "PhotonUnityNetworking.Utilities.csproj", "{60A07A46-166C-4DCC-2AB9-ED074F3C266E}"
EndProject
Project("{FAE04EC0-301F-11D3-BF4B-00C04F79EFBC}") = "PhotonChat", "PhotonChat.csproj", "{98012081-B41C-E81F-038C-3D7F89513874}"
EndProject
Project("{FAE04EC0-301F-11D3-BF4B-00C04F79EFBC}") = "PhotonUnityNetworking", "PhotonUnityNetworking.csproj", "{DADB1A93-C3FA-1E1E-94E0-3405B34A0FA3}"
EndProject
Project("{FAE04EC0-301F-11D3-BF4B-00C04F79EFBC}") = "Assembly-CSharp", "Assembly-CSharp.csproj", "{667D5EB3-F05E-8028-7046-B028381FA56D}"
EndProject
Project("{FAE04EC0-301F-11D3-BF4B-00C04F79EFBC}") = "PhotonRealtime", "PhotonRealtime.csproj", "{06575A15-B95D-B4F9-C013-4405DE128DAE}"
EndProject
Project("{FAE04EC0-301F-11D3-BF4B-00C04F79EFBC}") = "PhotonWebSocket", "PhotonWebSocket.csproj", "{760E5975-159D-6C48-0656-F88BA36026CB}"
EndProject
Project("{FAE04EC0-301F-11D3-BF4B-00C04F79EFBC}") = "Substance.Platform", "Substance.Platform.csproj", "{FCC41DB3-FA82-162E-C968-E4AD94C61A96}"
EndProject
Project("{FAE04EC0-301F-11D3-BF4B-00C04F79EFBC}") = "PhotonUnityNetworking.Editor", "PhotonUnityNetworking.Editor.csproj", "{38A15BCE-1266-8099-F438-FC2C11DBBB9C}"
EndProject
Project("{FAE04EC0-301F-11D3-BF4B-00C04F79EFBC}") = "PunDemos.DemoHubEditor", "PunDemos.DemoHubEditor.csproj", "{3EBAB4F5-8B3F-14CE-BAB8-B3F7A21514DC}"
EndProject
Project("{FAE04EC0-301F-11D3-BF4B-00C04F79EFBC}") = "PhotonUnityNetworking.Utilities.PhotonPlayer.Editor", "PhotonUnityNetworking.Utilities.PhotonPlayer.Editor.csproj", "{954F64B1-E1C5-A879-AA71-4BEA36728B0E}"
EndProject
Project("{FAE04EC0-301F-11D3-BF4B-00C04F79EFBC}") = "PhotonUnityNetworking.Utilities.Culling.Editor", "PhotonUnityNetworking.Utilities.Culling.Editor.csproj", "{E01DA6DF-8816-4E3F-E0C4-08EBBAA67736}"
EndProject
Project("{FAE04EC0-301F-11D3-BF4B-00C04F79EFBC}") = "PunDemos.DemoSlotcarEditor", "PunDemos.DemoSlotcarEditor.csproj", "{AD4E6358-4BCC-56F2-2506-84FF80D19457}"
EndProject
Global
	GlobalSection(SolutionConfigurationPlatforms) = preSolution
		Debug|Any CPU = Debug|Any CPU
		Release|Any CPU = Release|Any CPU
	EndGlobalSection
	GlobalSection(ProjectConfigurationPlatforms) = postSolution
		{923E44B0-BA27-670F-E923-20B3322C3A41}.Debug|Any CPU.ActiveCfg = Debug|Any CPU
		{923E44B0-BA27-670F-E923-20B3322C3A41}.Debug|Any CPU.Build.0 = Debug|Any CPU
		{923E44B0-BA27-670F-E923-20B3322C3A41}.Release|Any CPU.ActiveCfg = Release|Any CPU
		{923E44B0-BA27-670F-E923-20B3322C3A41}.Release|Any CPU.Build.0 = Release|Any CPU
		{60A07A46-166C-4DCC-2AB9-ED074F3C266E}.Debug|Any CPU.ActiveCfg = Debug|Any CPU
		{60A07A46-166C-4DCC-2AB9-ED074F3C266E}.Debug|Any CPU.Build.0 = Debug|Any CPU
		{60A07A46-166C-4DCC-2AB9-ED074F3C266E}.Release|Any CPU.ActiveCfg = Release|Any CPU
		{60A07A46-166C-4DCC-2AB9-ED074F3C266E}.Release|Any CPU.Build.0 = Release|Any CPU
		{98012081-B41C-E81F-038C-3D7F89513874}.Debug|Any CPU.ActiveCfg = Debug|Any CPU
		{98012081-B41C-E81F-038C-3D7F89513874}.Debug|Any CPU.Build.0 = Debug|Any CPU
		{98012081-B41C-E81F-038C-3D7F89513874}.Release|Any CPU.ActiveCfg = Release|Any CPU
		{98012081-B41C-E81F-038C-3D7F89513874}.Release|Any CPU.Build.0 = Release|Any CPU
		{DADB1A93-C3FA-1E1E-94E0-3405B34A0FA3}.Debug|Any CPU.ActiveCfg = Debug|Any CPU
		{DADB1A93-C3FA-1E1E-94E0-3405B34A0FA3}.Debug|Any CPU.Build.0 = Debug|Any CPU
		{DADB1A93-C3FA-1E1E-94E0-3405B34A0FA3}.Release|Any CPU.ActiveCfg = Release|Any CPU
		{DADB1A93-C3FA-1E1E-94E0-3405B34A0FA3}.Release|Any CPU.Build.0 = Release|Any CPU
		{667D5EB3-F05E-8028-7046-B028381FA56D}.Debug|Any CPU.ActiveCfg = Debug|Any CPU
		{667D5EB3-F05E-8028-7046-B028381FA56D}.Debug|Any CPU.Build.0 = Debug|Any CPU
		{667D5EB3-F05E-8028-7046-B028381FA56D}.Release|Any CPU.ActiveCfg = Release|Any CPU
		{667D5EB3-F05E-8028-7046-B028381FA56D}.Release|Any CPU.Build.0 = Release|Any CPU
		{06575A15-B95D-B4F9-C013-4405DE128DAE}.Debug|Any CPU.ActiveCfg = Debug|Any CPU
		{06575A15-B95D-B4F9-C013-4405DE128DAE}.Debug|Any CPU.Build.0 = Debug|Any CPU
		{06575A15-B95D-B4F9-C013-4405DE128DAE}.Release|Any CPU.ActiveCfg = Release|Any CPU
		{06575A15-B95D-B4F9-C013-4405DE128DAE}.Release|Any CPU.Build.0 = Release|Any CPU
		{760E5975-159D-6C48-0656-F88BA36026CB}.Debug|Any CPU.ActiveCfg = Debug|Any CPU
		{760E5975-159D-6C48-0656-F88BA36026CB}.Debug|Any CPU.Build.0 = Debug|Any CPU
		{760E5975-159D-6C48-0656-F88BA36026CB}.Release|Any CPU.ActiveCfg = Release|Any CPU
		{760E5975-159D-6C48-0656-F88BA36026CB}.Release|Any CPU.Build.0 = Release|Any CPU
		{FCC41DB3-FA82-162E-C968-E4AD94C61A96}.Debug|Any CPU.ActiveCfg = Debug|Any CPU
		{FCC41DB3-FA82-162E-C968-E4AD94C61A96}.Debug|Any CPU.Build.0 = Debug|Any CPU
		{FCC41DB3-FA82-162E-C968-E4AD94C61A96}.Release|Any CPU.ActiveCfg = Release|Any CPU
		{FCC41DB3-FA82-162E-C968-E4AD94C61A96}.Release|Any CPU.Build.0 = Release|Any CPU
		{38A15BCE-1266-8099-F438-FC2C11DBBB9C}.Debug|Any CPU.ActiveCfg = Debug|Any CPU
		{38A15BCE-1266-8099-F438-FC2C11DBBB9C}.Debug|Any CPU.Build.0 = Debug|Any CPU
		{38A15BCE-1266-8099-F438-FC2C11DBBB9C}.Release|Any CPU.ActiveCfg = Release|Any CPU
		{38A15BCE-1266-8099-F438-FC2C11DBBB9C}.Release|Any CPU.Build.0 = Release|Any CPU
		{3EBAB4F5-8B3F-14CE-BAB8-B3F7A21514DC}.Debug|Any CPU.ActiveCfg = Debug|Any CPU
		{3EBAB4F5-8B3F-14CE-BAB8-B3F7A21514DC}.Debug|Any CPU.Build.0 = Debug|Any CPU
		{3EBAB4F5-8B3F-14CE-BAB8-B3F7A21514DC}.Release|Any CPU.ActiveCfg = Release|Any CPU
		{3EBAB4F5-8B3F-14CE-BAB8-B3F7A21514DC}.Release|Any CPU.Build.0 = Release|Any CPU
		{954F64B1-E1C5-A879-AA71-4BEA36728B0E}.Debug|Any CPU.ActiveCfg = Debug|Any CPU
		{954F64B1-E1C5-A879-AA71-4BEA36728B0E}.Debug|Any CPU.Build.0 = Debug|Any CPU
		{954F64B1-E1C5-A879-AA71-4BEA36728B0E}.Release|Any CPU.ActiveCfg = Release|Any CPU
		{954F64B1-E1C5-A879-AA71-4BEA36728B0E}.Release|Any CPU.Build.0 = Release|Any CPU
		{E01DA6DF-8816-4E3F-E0C4-08EBBAA67736}.Debug|Any CPU.ActiveCfg = Debug|Any CPU
		{E01DA6DF-8816-4E3F-E0C4-08EBBAA67736}.Debug|Any CPU.Build.0 = Debug|Any CPU
		{E01DA6DF-8816-4E3F-E0C4-08EBBAA67736}.Release|Any CPU.ActiveCfg = Release|Any CPU
		{E01DA6DF-8816-4E3F-E0C4-08EBBAA67736}.Release|Any CPU.Build.0 = Release|Any CPU
		{AD4E6358-4BCC-56F2-2506-84FF80D19457}.Debug|Any CPU.ActiveCfg = Debug|Any CPU
		{AD4E6358-4BCC-56F2-2506-84FF80D19457}.Debug|Any CPU.Build.0 = Debug|Any CPU
		{AD4E6358-4BCC-56F2-2506-84FF80D19457}.Release|Any CPU.ActiveCfg = Release|Any CPU
		{AD4E6358-4BCC-56F2-2506-84FF80D19457}.Release|Any CPU.Build.0 = Release|Any CPU
	EndGlobalSection
	GlobalSection(SolutionProperties) = preSolution
		HideSolutionNode = FALSE
	EndGlobalSection
EndGlobal
